
Microsoft Visual Studio Solution File, Format Version 12.00
# Visual Studio Version 16
VisualStudioVersion = 16.0.29324.140
MinimumVisualStudioVersion = 10.0.40219.1
Project("{9A19103F-16F7-4668-BE54-9A1E7A4F7556}") = "Lab3", "Lab3.csproj", "{EDB8AF99-5480-45B3-B851-0B8BD798AF34}"
EndProject
Global
	GlobalSection(SolutionConfigurationPlatforms) = preSolution
		Debug|Any CPU = Debug|Any CPU
		Release|Any CPU = Release|Any CPU
	EndGlobalSection
	GlobalSection(ProjectConfigurationPlatforms) = postSolution
		{EDB8AF99-5480-45B3-B851-0B8BD798AF34}.Debug|Any CPU.ActiveCfg = Release|Any CPU
		{EDB8AF99-5480-45B3-B851-0B8BD798AF34}.Debug|Any CPU.Build.0 = Release|Any CPU
		{EDB8AF99-5480-45B3-B851-0B8BD798AF34}.Release|Any CPU.ActiveCfg = Release|Any CPU
		{EDB8AF99-5480-45B3-B851-0B8BD798AF34}.Release|Any CPU.Build.0 = Release|Any CPU
	EndGlobalSection
	GlobalSection(SolutionProperties) = preSolution
		HideSolutionNode = FALSE
	EndGlobalSection
	GlobalSection(ExtensibilityGlobals) = postSolution
		SolutionGuid = {45DE4B46-E439-4C68-B889-BC8A2387AF47}
	EndGlobalSection
EndGlobal
